// !$*UTF8*$!
{
	archiveVersion = 1;
	classes = {
	};
	objectVersion = 46;
	objects = {

/* Begin PBXBuildFile section */
		060CC9DC1F738EE000F112D5 /* LSRouter+Network.m in Sources */ = {isa = PBXBuildFile; fileRef = 060CC9DB1F738EE000F112D5 /* LSRouter+Network.m */; };
		06352E751FFF600900D17DFD /* LSRouter+Operation.m in Sources */ = {isa = PBXBuildFile; fileRef = 06352E741FFF600900D17DFD /* LSRouter+Operation.m */; };
		06352E7E1FFF948400D17DFD /* LSRouter+TimeCategory.m in Sources */ = {isa = PBXBuildFile; fileRef = 06352E7D1FFF948400D17DFD /* LSRouter+TimeCategory.m */; };
		06352ED51FFF9BAE00D17DFD /* LSRouter+AppDelegate.m in Sources */ = {isa = PBXBuildFile; fileRef = 06352ED41FFF9BAE00D17DFD /* LSRouter+AppDelegate.m */; };
		06352EDA200332A700D17DFD /* LSRouter+ExampleModule.m in Sources */ = {isa = PBXBuildFile; fileRef = 06352ED9200332A700D17DFD /* LSRouter+ExampleModule.m */; };
		069AC457200617EC004E07FB /* LSRouter.framework in Frameworks */ = {isa = PBXBuildFile; fileRef = 069AC454200617EC004E07FB /* LSRouter.framework */; };
		069AC458200617EC004E07FB /* LSRootNavigationController.framework in Frameworks */ = {isa = PBXBuildFile; fileRef = 069AC455200617EC004E07FB /* LSRootNavigationController.framework */; };
		069AC459200617EC004E07FB /* CategoryPropertyDynamicSupport.framework in Frameworks */ = {isa = PBXBuildFile; fileRef = 069AC456200617EC004E07FB /* CategoryPropertyDynamicSupport.framework */; };
		069D5D051E680AFE004CEFF6 /* main.m in Sources */ = {isa = PBXBuildFile; fileRef = 069D5D041E680AFE004CEFF6 /* main.m */; };
		069D5D081E680AFE004CEFF6 /* AppDelegate.m in Sources */ = {isa = PBXBuildFile; fileRef = 069D5D071E680AFE004CEFF6 /* AppDelegate.m */; };
		069D5D0E1E680AFE004CEFF6 /* Main.storyboard in Resources */ = {isa = PBXBuildFile; fileRef = 069D5D0C1E680AFE004CEFF6 /* Main.storyboard */; };
		069D5D101E680AFE004CEFF6 /* Assets.xcassets in Resources */ = {isa = PBXBuildFile; fileRef = 069D5D0F1E680AFE004CEFF6 /* Assets.xcassets */; };
		069D5D131E680AFE004CEFF6 /* LaunchScreen.storyboard in Resources */ = {isa = PBXBuildFile; fileRef = 069D5D111E680AFE004CEFF6 /* LaunchScreen.storyboard */; };
		346BCE87929053B6564B02C7 /* libPods-BaseProject.a in Frameworks */ = {isa = PBXBuildFile; fileRef = D78BE7119287BACC058FEA2B /* libPods-BaseProject.a */; };
/* End PBXBuildFile section */

/* Begin PBXFileReference section */
		060CC9DA1F738EE000F112D5 /* LSRouter+Network.h */ = {isa = PBXFileReference; fileEncoding = 4; lastKnownFileType = sourcecode.c.h; path = "LSRouter+Network.h"; sourceTree = "<group>"; };
		060CC9DB1F738EE000F112D5 /* LSRouter+Network.m */ = {isa = PBXFileReference; fileEncoding = 4; lastKnownFileType = sourcecode.c.objc; path = "LSRouter+Network.m"; sourceTree = "<group>"; };
		062FA8231E7633B000B84E45 /* PrefixHeader.pch */ = {isa = PBXFileReference; fileEncoding = 4; lastKnownFileType = sourcecode.c.h; path = PrefixHeader.pch; sourceTree = "<group>"; };
		06352E731FFF600900D17DFD /* LSRouter+Operation.h */ = {isa = PBXFileReference; lastKnownFileType = sourcecode.c.h; path = "LSRouter+Operation.h"; sourceTree = "<group>"; };
		06352E741FFF600900D17DFD /* LSRouter+Operation.m */ = {isa = PBXFileReference; lastKnownFileType = sourcecode.c.objc; path = "LSRouter+Operation.m"; sourceTree = "<group>"; };
		06352E7A1FFF675600D17DFD /* LSRouter+Foundation.h */ = {isa = PBXFileReference; lastKnownFileType = sourcecode.c.h; path = "LSRouter+Foundation.h"; sourceTree = "<group>"; };
		06352E7C1FFF948400D17DFD /* LSRouter+TimeCategory.h */ = {isa = PBXFileReference; fileEncoding = 4; lastKnownFileType = sourcecode.c.h; path = "LSRouter+TimeCategory.h"; sourceTree = "<group>"; };
		06352E7D1FFF948400D17DFD /* LSRouter+TimeCategory.m */ = {isa = PBXFileReference; fileEncoding = 4; lastKnownFileType = sourcecode.c.objc; path = "LSRouter+TimeCategory.m"; sourceTree = "<group>"; };
		06352ED31FFF9BAD00D17DFD /* LSRouter+AppDelegate.h */ = {isa = PBXFileReference; fileEncoding = 4; lastKnownFileType = sourcecode.c.h; path = "LSRouter+AppDelegate.h"; sourceTree = "<group>"; };
		06352ED41FFF9BAE00D17DFD /* LSRouter+AppDelegate.m */ = {isa = PBXFileReference; fileEncoding = 4; lastKnownFileType = sourcecode.c.objc; path = "LSRouter+AppDelegate.m"; sourceTree = "<group>"; };
		06352ED8200332A700D17DFD /* LSRouter+ExampleModule.h */ = {isa = PBXFileReference; lastKnownFileType = sourcecode.c.h; path = "LSRouter+ExampleModule.h"; sourceTree = "<group>"; };
		06352ED9200332A700D17DFD /* LSRouter+ExampleModule.m */ = {isa = PBXFileReference; lastKnownFileType = sourcecode.c.objc; path = "LSRouter+ExampleModule.m"; sourceTree = "<group>"; };
		064E678720118FA900DB81D9 /* Module_Tools.h */ = {isa = PBXFileReference; lastKnownFileType = sourcecode.c.h; path = Module_Tools.h; sourceTree = "<group>"; };
		064E678A2011921A00DB81D9 /* Module_Initialization.h */ = {isa = PBXFileReference; lastKnownFileType = sourcecode.c.h; path = Module_Initialization.h; sourceTree = "<group>"; };
		064E678B201192A300DB81D9 /* LSRouter+API.h */ = {isa = PBXFileReference; lastKnownFileType = sourcecode.c.h; path = "LSRouter+API.h"; sourceTree = "<group>"; };
		064E678C2011932300DB81D9 /* Module_Project.h */ = {isa = PBXFileReference; lastKnownFileType = sourcecode.c.h; path = Module_Project.h; sourceTree = "<group>"; };
		069AC454200617EC004E07FB /* LSRouter.framework */ = {isa = PBXFileReference; lastKnownFileType = wrapper.framework; name = LSRouter.framework; path = Frameworks/LSRouter.framework; sourceTree = "<group>"; };
		069AC455200617EC004E07FB /* LSRootNavigationController.framework */ = {isa = PBXFileReference; lastKnownFileType = wrapper.framework; name = LSRootNavigationController.framework; path = Frameworks/LSRootNavigationController.framework; sourceTree = "<group>"; };
		069AC456200617EC004E07FB /* CategoryPropertyDynamicSupport.framework */ = {isa = PBXFileReference; lastKnownFileType = wrapper.framework; name = CategoryPropertyDynamicSupport.framework; path = Frameworks/CategoryPropertyDynamicSupport.framework; sourceTree = "<group>"; };
		069D5D001E680AFE004CEFF6 /* BaseProject.app */ = {isa = PBXFileReference; explicitFileType = wrapper.application; includeInIndex = 0; path = BaseProject.app; sourceTree = BUILT_PRODUCTS_DIR; };
		069D5D041E680AFE004CEFF6 /* main.m */ = {isa = PBXFileReference; lastKnownFileType = sourcecode.c.objc; path = main.m; sourceTree = "<group>"; };
		069D5D061E680AFE004CEFF6 /* AppDelegate.h */ = {isa = PBXFileReference; lastKnownFileType = sourcecode.c.h; path = AppDelegate.h; sourceTree = "<group>"; };
		069D5D071E680AFE004CEFF6 /* AppDelegate.m */ = {isa = PBXFileReference; lastKnownFileType = sourcecode.c.objc; path = AppDelegate.m; sourceTree = "<group>"; };
		069D5D0D1E680AFE004CEFF6 /* Base */ = {isa = PBXFileReference; lastKnownFileType = file.storyboard; name = Base; path = Base.lproj/Main.storyboard; sourceTree = "<group>"; };
		069D5D0F1E680AFE004CEFF6 /* Assets.xcassets */ = {isa = PBXFileReference; lastKnownFileType = folder.assetcatalog; path = Assets.xcassets; sourceTree = "<group>"; };
		069D5D121E680AFE004CEFF6 /* Base */ = {isa = PBXFileReference; lastKnownFileType = file.storyboard; name = Base; path = Base.lproj/LaunchScreen.storyboard; sourceTree = "<group>"; };
		069D5D141E680AFE004CEFF6 /* Info.plist */ = {isa = PBXFileReference; lastKnownFileType = text.plist.xml; path = Info.plist; sourceTree = "<group>"; };
		50296FAB8E150715191A49EF /* Pods-BaseProject.release.xcconfig */ = {isa = PBXFileReference; includeInIndex = 1; lastKnownFileType = text.xcconfig; name = "Pods-BaseProject.release.xcconfig"; path = "Pods/Target Support Files/Pods-BaseProject/Pods-BaseProject.release.xcconfig"; sourceTree = "<group>"; };
		73BF6161F6E18BF412288C91 /* Pods-BaseProject.debug.xcconfig */ = {isa = PBXFileReference; includeInIndex = 1; lastKnownFileType = text.xcconfig; name = "Pods-BaseProject.debug.xcconfig"; path = "Pods/Target Support Files/Pods-BaseProject/Pods-BaseProject.debug.xcconfig"; sourceTree = "<group>"; };
		D78BE7119287BACC058FEA2B /* libPods-BaseProject.a */ = {isa = PBXFileReference; explicitFileType = archive.ar; includeInIndex = 0; path = "libPods-BaseProject.a"; sourceTree = BUILT_PRODUCTS_DIR; };
/* End PBXFileReference section */

/* Begin PBXFrameworksBuildPhase section */
		069D5CFD1E680AFE004CEFF6 /* Frameworks */ = {
			isa = PBXFrameworksBuildPhase;
			buildActionMask = 2147483647;
			files = (
				069AC457200617EC004E07FB /* LSRouter.framework in Frameworks */,
				346BCE87929053B6564B02C7 /* libPods-BaseProject.a in Frameworks */,
				069AC458200617EC004E07FB /* LSRootNavigationController.framework in Frameworks */,
				069AC459200617EC004E07FB /* CategoryPropertyDynamicSupport.framework in Frameworks */,
			);
			runOnlyForDeploymentPostprocessing = 0;
		};
/* End PBXFrameworksBuildPhase section */

/* Begin PBXGroup section */
		0606DF0A1E824A5B00FE1D1E /* Module_Interfaces */ = {
			isa = PBXGroup;
			children = (
				064E678A2011921A00DB81D9 /* Module_Initialization.h */,
				064E678720118FA900DB81D9 /* Module_Tools.h */,
				064E678C2011932300DB81D9 /* Module_Project.h */,
			);
			name = Module_Interfaces;
			sourceTree = "<group>";
		};
		0606DF0B1E824A8100FE1D1E /* Modules */ = {
			isa = PBXGroup;
			children = (
				064E67832011897700DB81D9 /* Example */,
			);
			name = Modules;
			sourceTree = "<group>";
		};
		06352E7F1FFF94D900D17DFD /* Project_Images */ = {
			isa = PBXGroup;
			children = (
				069D5D0F1E680AFE004CEFF6 /* Assets.xcassets */,
				064E6782201187D900DB81D9 /* Images */,
			);
			name = Project_Images;
			sourceTree = "<group>";
		};
		06352ED01FFF9B5300D17DFD /* Initialization_Network */ = {
			isa = PBXGroup;
			children = (
				064E678B201192A300DB81D9 /* LSRouter+API.h */,
				060CC9DA1F738EE000F112D5 /* LSRouter+Network.h */,
				060CC9DB1F738EE000F112D5 /* LSRouter+Network.m */,
			);
			name = Initialization_Network;
			sourceTree = "<group>";
		};
		06352ED11FFF9B6100D17DFD /* Initialization_System */ = {
			isa = PBXGroup;
			children = (
				06352ED31FFF9BAD00D17DFD /* LSRouter+AppDelegate.h */,
				06352ED41FFF9BAE00D17DFD /* LSRouter+AppDelegate.m */,
				06352E7A1FFF675600D17DFD /* LSRouter+Foundation.h */,
				06352E731FFF600900D17DFD /* LSRouter+Operation.h */,
				06352E741FFF600900D17DFD /* LSRouter+Operation.m */,
			);
			name = Initialization_System;
			sourceTree = "<group>";
		};
		06352ED62003323E00D17DFD /* Module_Initialization */ = {
			isa = PBXGroup;
			children = (
				06352ED11FFF9B6100D17DFD /* Initialization_System */,
				06352ED01FFF9B5300D17DFD /* Initialization_Network */,
				064E678820118FF100DB81D9 /* Initialization_Tools */,
			);
			name = Module_Initialization;
			sourceTree = "<group>";
		};
		064E67812011873100DB81D9 /* Project_Initialization */ = {
			isa = PBXGroup;
			children = (
				069D5D061E680AFE004CEFF6 /* AppDelegate.h */,
				069D5D071E680AFE004CEFF6 /* AppDelegate.m */,
				062FA8231E7633B000B84E45 /* PrefixHeader.pch */,
				069D5D111E680AFE004CEFF6 /* LaunchScreen.storyboard */,
			);
			name = Project_Initialization;
			sourceTree = "<group>";
		};
		064E6782201187D900DB81D9 /* Images */ = {
			isa = PBXGroup;
			children = (
			);
			name = Images;
			sourceTree = "<group>";
		};
		064E67832011897700DB81D9 /* Example */ = {
			isa = PBXGroup;
			children = (
				064E6784201189AB00DB81D9 /* Module_Interfaces */,
			);
			name = Example;
			sourceTree = "<group>";
		};
		064E6784201189AB00DB81D9 /* Module_Interfaces */ = {
			isa = PBXGroup;
			children = (
				06352ED8200332A700D17DFD /* LSRouter+ExampleModule.h */,
				06352ED9200332A700D17DFD /* LSRouter+ExampleModule.m */,
			);
			name = Module_Interfaces;
			sourceTree = "<group>";
		};
		064E678820118FF100DB81D9 /* Initialization_Tools */ = {
			isa = PBXGroup;
			children = (
				06352E7C1FFF948400D17DFD /* LSRouter+TimeCategory.h */,
				06352E7D1FFF948400D17DFD /* LSRouter+TimeCategory.m */,
			);
			name = Initialization_Tools;
			sourceTree = "<group>";
		};
		06779B6E2005DFEC003115CB /* Project_Resources */ = {
			isa = PBXGroup;
			children = (
			);
			name = Project_Resources;
			sourceTree = "<group>";
		};
		06779B6F2005E0F3003115CB /* Others */ = {
			isa = PBXGroup;
			children = (
				069D5D0C1E680AFE004CEFF6 /* Main.storyboard */,
				069D5D141E680AFE004CEFF6 /* Info.plist */,
				069D5D041E680AFE004CEFF6 /* main.m */,
				069D5D011E680AFE004CEFF6 /* Products */,
			);
			name = Others;
			path = BaseProject;
			sourceTree = "<group>";
		};
		068DBBB61E8A4A5800C3125C /* Project_SimulatedData */ = {
			isa = PBXGroup;
			children = (
			);
			name = Project_SimulatedData;
			sourceTree = "<group>";
		};
		069D5CF71E680AFE004CEFF6 = {
			isa = PBXGroup;
			children = (
				069D5D021E680AFE004CEFF6 /* BaseProject */,
				06779B6F2005E0F3003115CB /* Others */,
				5CBCDDC726229E4BCB3DED67 /* Pods */,
				C26B8D2C51787A9F1E3A0664 /* Frameworks */,
			);
			sourceTree = "<group>";
		};
		069D5D011E680AFE004CEFF6 /* Products */ = {
			isa = PBXGroup;
			children = (
				069D5D001E680AFE004CEFF6 /* BaseProject.app */,
			);
			name = Products;
			path = ..;
			sourceTree = "<group>";
		};
		069D5D021E680AFE004CEFF6 /* BaseProject */ = {
			isa = PBXGroup;
			children = (
				069D5D031E680AFE004CEFF6 /* Project_Configuration */,
				06352ED62003323E00D17DFD /* Module_Initialization */,
				0606DF0A1E824A5B00FE1D1E /* Module_Interfaces */,
				0606DF0B1E824A8100FE1D1E /* Modules */,
			);
			path = BaseProject;
			sourceTree = "<group>";
		};
		069D5D031E680AFE004CEFF6 /* Project_Configuration */ = {
			isa = PBXGroup;
			children = (
				064E67812011873100DB81D9 /* Project_Initialization */,
				06352E7F1FFF94D900D17DFD /* Project_Images */,
				06779B6E2005DFEC003115CB /* Project_Resources */,
				068DBBB61E8A4A5800C3125C /* Project_SimulatedData */,
			);
			name = Project_Configuration;
			sourceTree = "<group>";
		};
		5CBCDDC726229E4BCB3DED67 /* Pods */ = {
			isa = PBXGroup;
			children = (
				73BF6161F6E18BF412288C91 /* Pods-BaseProject.debug.xcconfig */,
				50296FAB8E150715191A49EF /* Pods-BaseProject.release.xcconfig */,
			);
			name = Pods;
			sourceTree = "<group>";
		};
		C26B8D2C51787A9F1E3A0664 /* Frameworks */ = {
			isa = PBXGroup;
			children = (
				D78BE7119287BACC058FEA2B /* libPods-BaseProject.a */,
				069AC454200617EC004E07FB /* LSRouter.framework */,
				069AC455200617EC004E07FB /* LSRootNavigationController.framework */,
				069AC456200617EC004E07FB /* CategoryPropertyDynamicSupport.framework */,
			);
			name = Frameworks;
			sourceTree = "<group>";
		};
/* End PBXGroup section */

/* Begin PBXNativeTarget section */
		069D5CFF1E680AFE004CEFF6 /* BaseProject */ = {
			isa = PBXNativeTarget;
			buildConfigurationList = 069D5D171E680AFE004CEFF6 /* Build configuration list for PBXNativeTarget "BaseProject" */;
			buildPhases = (
				244A562FD2B98E9358B9240B /* [CP] Check Pods Manifest.lock */,
				069D5CFC1E680AFE004CEFF6 /* Sources */,
				069D5CFD1E680AFE004CEFF6 /* Frameworks */,
				069D5CFE1E680AFE004CEFF6 /* Resources */,
				2711AB58470F896445B77C67 /* [CP] Embed Pods Frameworks */,
				F93DE10DAFCD0E9B9C40EF9F /* [CP] Copy Pods Resources */,
			);
			buildRules = (
			);
			dependencies = (
			);
			name = BaseProject;
			productName = BaseProject;
			productReference = 069D5D001E680AFE004CEFF6 /* BaseProject.app */;
			productType = "com.apple.product-type.application";
		};
/* End PBXNativeTarget section */

/* Begin PBXProject section */
		069D5CF81E680AFE004CEFF6 /* Project object */ = {
			isa = PBXProject;
			attributes = {
				LastUpgradeCheck = 0920;
				ORGANIZATIONNAME = ArthurShuai;
				TargetAttributes = {
					069D5CFF1E680AFE004CEFF6 = {
						CreatedOnToolsVersion = 8.2.1;
						ProvisioningStyle = Automatic;
					};
				};
			};
			buildConfigurationList = 069D5CFB1E680AFE004CEFF6 /* Build configuration list for PBXProject "BaseProject" */;
			compatibilityVersion = "Xcode 3.2";
			developmentRegion = English;
			hasScannedForEncodings = 0;
			knownRegions = (
				en,
				Base,
			);
			mainGroup = 069D5CF71E680AFE004CEFF6;
			productRefGroup = 069D5D011E680AFE004CEFF6 /* Products */;
			projectDirPath = "";
			projectRoot = "";
			targets = (
				069D5CFF1E680AFE004CEFF6 /* BaseProject */,
			);
		};
/* End PBXProject section */

/* Begin PBXResourcesBuildPhase section */
		069D5CFE1E680AFE004CEFF6 /* Resources */ = {
			isa = PBXResourcesBuildPhase;
			buildActionMask = 2147483647;
			files = (
				069D5D131E680AFE004CEFF6 /* LaunchScreen.storyboard in Resources */,
				069D5D101E680AFE004CEFF6 /* Assets.xcassets in Resources */,
				069D5D0E1E680AFE004CEFF6 /* Main.storyboard in Resources */,
			);
			runOnlyForDeploymentPostprocessing = 0;
		};
/* End PBXResourcesBuildPhase section */

/* Begin PBXShellScriptBuildPhase section */
		244A562FD2B98E9358B9240B /* [CP] Check Pods Manifest.lock */ = {
			isa = PBXShellScriptBuildPhase;
			buildActionMask = 2147483647;
			files = (
			);
			inputPaths = (
			);
			name = "[CP] Check Pods Manifest.lock";
			outputPaths = (
			);
			runOnlyForDeploymentPostprocessing = 0;
			shellPath = /bin/sh;
			shellScript = "diff \"${PODS_PODFILE_DIR_PATH}/Podfile.lock\" \"${PODS_ROOT}/Manifest.lock\" > /dev/null\nif [ $? != 0 ] ; then\n    # print error to STDERR\n    echo \"error: The sandbox is not in sync with the Podfile.lock. Run 'pod install' or update your CocoaPods installation.\" >&2\n    exit 1\nfi\n";
			showEnvVarsInLog = 0;
		};
		2711AB58470F896445B77C67 /* [CP] Embed Pods Frameworks */ = {
			isa = PBXShellScriptBuildPhase;
			buildActionMask = 2147483647;
			files = (
			);
			inputPaths = (
			);
			name = "[CP] Embed Pods Frameworks";
			outputPaths = (
			);
			runOnlyForDeploymentPostprocessing = 0;
			shellPath = /bin/sh;
			shellScript = "\"${SRCROOT}/Pods/Target Support Files/Pods-BaseProject/Pods-BaseProject-frameworks.sh\"\n";
			showEnvVarsInLog = 0;
		};
		F93DE10DAFCD0E9B9C40EF9F /* [CP] Copy Pods Resources */ = {
			isa = PBXShellScriptBuildPhase;
			buildActionMask = 2147483647;
			files = (
			);
			inputPaths = (
			);
			name = "[CP] Copy Pods Resources";
			outputPaths = (
			);
			runOnlyForDeploymentPostprocessing = 0;
			shellPath = /bin/sh;
			shellScript = "\"${SRCROOT}/Pods/Target Support Files/Pods-BaseProject/Pods-BaseProject-resources.sh\"\n";
			showEnvVarsInLog = 0;
		};
/* End PBXShellScriptBuildPhase section */

/* Begin PBXSourcesBuildPhase section */
		069D5CFC1E680AFE004CEFF6 /* Sources */ = {
			isa = PBXSourcesBuildPhase;
			buildActionMask = 2147483647;
			files = (
				069D5D081E680AFE004CEFF6 /* AppDelegate.m in Sources */,
				069D5D051E680AFE004CEFF6 /* main.m in Sources */,
				06352ED51FFF9BAE00D17DFD /* LSRouter+AppDelegate.m in Sources */,
				06352EDA200332A700D17DFD /* LSRouter+ExampleModule.m in Sources */,
				06352E7E1FFF948400D17DFD /* LSRouter+TimeCategory.m in Sources */,
				060CC9DC1F738EE000F112D5 /* LSRouter+Network.m in Sources */,
				06352E751FFF600900D17DFD /* LSRouter+Operation.m in Sources */,
			);
			runOnlyForDeploymentPostprocessing = 0;
		};
/* End PBXSourcesBuildPhase section */

/* Begin PBXVariantGroup section */
		069D5D0C1E680AFE004CEFF6 /* Main.storyboard */ = {
			isa = PBXVariantGroup;
			children = (
				069D5D0D1E680AFE004CEFF6 /* Base */,
			);
			name = Main.storyboard;
			sourceTree = "<group>";
		};
		069D5D111E680AFE004CEFF6 /* LaunchScreen.storyboard */ = {
			isa = PBXVariantGroup;
			children = (
				069D5D121E680AFE004CEFF6 /* Base */,
			);
			name = LaunchScreen.storyboard;
			sourceTree = "<group>";
		};
/* End PBXVariantGroup section */

/* Begin XCBuildConfiguration section */
		069D5D151E680AFE004CEFF6 /* Debug */ = {
			isa = XCBuildConfiguration;
			buildSettings = {
				ALWAYS_SEARCH_USER_PATHS = NO;
				CLANG_ANALYZER_NONNULL = YES;
				CLANG_CXX_LANGUAGE_STANDARD = "gnu++0x";
				CLANG_CXX_LIBRARY = "libc++";
				CLANG_ENABLE_MODULES = YES;
				CLANG_ENABLE_OBJC_ARC = YES;
				CLANG_WARN_BLOCK_CAPTURE_AUTORELEASING = YES;
				CLANG_WARN_BOOL_CONVERSION = YES;
				CLANG_WARN_COMMA = YES;
				CLANG_WARN_CONSTANT_CONVERSION = YES;
				CLANG_WARN_DIRECT_OBJC_ISA_USAGE = YES_ERROR;
				CLANG_WARN_DOCUMENTATION_COMMENTS = YES;
				CLANG_WARN_EMPTY_BODY = YES;
				CLANG_WARN_ENUM_CONVERSION = YES;
				CLANG_WARN_INFINITE_RECURSION = YES;
				CLANG_WARN_INT_CONVERSION = YES;
				CLANG_WARN_NON_LITERAL_NULL_CONVERSION = YES;
				CLANG_WARN_OBJC_LITERAL_CONVERSION = YES;
				CLANG_WARN_OBJC_ROOT_CLASS = YES_ERROR;
				CLANG_WARN_RANGE_LOOP_ANALYSIS = YES;
				CLANG_WARN_STRICT_PROTOTYPES = YES;
				CLANG_WARN_SUSPICIOUS_MOVE = YES;
				CLANG_WARN_UNREACHABLE_CODE = YES;
				CLANG_WARN__DUPLICATE_METHOD_MATCH = YES;
				"CODE_SIGN_IDENTITY[sdk=iphoneos*]" = "iPhone Developer";
				COPY_PHASE_STRIP = NO;
				DEBUG_INFORMATION_FORMAT = dwarf;
				ENABLE_STRICT_OBJC_MSGSEND = YES;
				ENABLE_TESTABILITY = YES;
				GCC_C_LANGUAGE_STANDARD = gnu99;
				GCC_DYNAMIC_NO_PIC = NO;
				GCC_NO_COMMON_BLOCKS = YES;
				GCC_OPTIMIZATION_LEVEL = 0;
				GCC_PREPROCESSOR_DEFINITIONS = (
					"DEBUG=1",
					"$(inherited)",
				);
				GCC_WARN_64_TO_32_BIT_CONVERSION = YES;
				GCC_WARN_ABOUT_RETURN_TYPE = YES_ERROR;
				GCC_WARN_UNDECLARED_SELECTOR = YES;
				GCC_WARN_UNINITIALIZED_AUTOS = YES_AGGRESSIVE;
				GCC_WARN_UNUSED_FUNCTION = YES;
				GCC_WARN_UNUSED_VARIABLE = YES;
				IPHONEOS_DEPLOYMENT_TARGET = 8.0;
				MTL_ENABLE_DEBUG_INFO = YES;
				ONLY_ACTIVE_ARCH = YES;
				SDKROOT = iphoneos;
			};
			name = Debug;
		};
		069D5D161E680AFE004CEFF6 /* Release */ = {
			isa = XCBuildConfiguration;
			buildSettings = {
				ALWAYS_SEARCH_USER_PATHS = NO;
				CLANG_ANALYZER_NONNULL = YES;
				CLANG_CXX_LANGUAGE_STANDARD = "gnu++0x";
				CLANG_CXX_LIBRARY = "libc++";
				CLANG_ENABLE_MODULES = YES;
				CLANG_ENABLE_OBJC_ARC = YES;
				CLANG_WARN_BLOCK_CAPTURE_AUTORELEASING = YES;
				CLANG_WARN_BOOL_CONVERSION = YES;
				CLANG_WARN_COMMA = YES;
				CLANG_WARN_CONSTANT_CONVERSION = YES;
				CLANG_WARN_DIRECT_OBJC_ISA_USAGE = YES_ERROR;
				CLANG_WARN_DOCUMENTATION_COMMENTS = YES;
				CLANG_WARN_EMPTY_BODY = YES;
				CLANG_WARN_ENUM_CONVERSION = YES;
				CLANG_WARN_INFINITE_RECURSION = YES;
				CLANG_WARN_INT_CONVERSION = YES;
				CLANG_WARN_NON_LITERAL_NULL_CONVERSION = YES;
				CLANG_WARN_OBJC_LITERAL_CONVERSION = YES;
				CLANG_WARN_OBJC_ROOT_CLASS = YES_ERROR;
				CLANG_WARN_RANGE_LOOP_ANALYSIS = YES;
				CLANG_WARN_STRICT_PROTOTYPES = YES;
				CLANG_WARN_SUSPICIOUS_MOVE = YES;
				CLANG_WARN_UNREACHABLE_CODE = YES;
				CLANG_WARN__DUPLICATE_METHOD_MATCH = YES;
				"CODE_SIGN_IDENTITY[sdk=iphoneos*]" = "iPhone Developer";
				COPY_PHASE_STRIP = NO;
				DEBUG_INFORMATION_FORMAT = "dwarf-with-dsym";
				ENABLE_NS_ASSERTIONS = NO;
				ENABLE_STRICT_OBJC_MSGSEND = YES;
				GCC_C_LANGUAGE_STANDARD = gnu99;
				GCC_NO_COMMON_BLOCKS = YES;
				GCC_WARN_64_TO_32_BIT_CONVERSION = YES;
				GCC_WARN_ABOUT_RETURN_TYPE = YES_ERROR;
				GCC_WARN_UNDECLARED_SELECTOR = YES;
				GCC_WARN_UNINITIALIZED_AUTOS = YES_AGGRESSIVE;
				GCC_WARN_UNUSED_FUNCTION = YES;
				GCC_WARN_UNUSED_VARIABLE = YES;
				IPHONEOS_DEPLOYMENT_TARGET = 8.0;
				MTL_ENABLE_DEBUG_INFO = NO;
				SDKROOT = iphoneos;
				VALIDATE_PRODUCT = YES;
			};
			name = Release;
		};
		069D5D181E680AFE004CEFF6 /* Debug */ = {
			isa = XCBuildConfiguration;
			buildSettings = {
				ASSETCATALOG_COMPILER_APPICON_NAME = AppIcon;
				DEVELOPMENT_TEAM = "";
				FRAMEWORK_SEARCH_PATHS = (
					"$(inherited)",
					"$(PROJECT_DIR)/BaseProject",
					"$(PROJECT_DIR)",
					"$(PROJECT_DIR)/Frameworks",
				);
				GCC_PRECOMPILE_PREFIX_HEADER = YES;
				GCC_PREFIX_HEADER = "$(SRCROOT)/$(PRODUCT_NAME)/PrefixHeader.pch";
				INFOPLIST_FILE = BaseProject/Info.plist;
				LD_RUNPATH_SEARCH_PATHS = "$(inherited) @executable_path/Frameworks";
				PRODUCT_BUNDLE_IDENTIFIER = com.ArthurShuai.BaseProject;
				PRODUCT_NAME = "$(TARGET_NAME)";
				WARNING_CFLAGS = (
					"-Wno-documentation",
					"-Wstrict-prototypes",
				);
			};
			name = Debug;
		};
		069D5D191E680AFE004CEFF6 /* Release */ = {
			isa = XCBuildConfiguration;
			buildSettings = {
				ASSETCATALOG_COMPILER_APPICON_NAME = AppIcon;
				DEVELOPMENT_TEAM = "";
				FRAMEWORK_SEARCH_PATHS = (
					"$(inherited)",
					"$(PROJECT_DIR)/BaseProject",
					"$(PROJECT_DIR)",
					"$(PROJECT_DIR)/Frameworks",
				);
				GCC_PRECOMPILE_PREFIX_HEADER = YES;
				GCC_PREFIX_HEADER = "$(SRCROOT)/$(PRODUCT_NAME)/PrefixHeader.pch";
				INFOPLIST_FILE = BaseProject/Info.plist;
				LD_RUNPATH_SEARCH_PATHS = "$(inherited) @executable_path/Frameworks";
				PRODUCT_BUNDLE_IDENTIFIER = com.ArthurShuai.BaseProject;
				PRODUCT_NAME = "$(TARGET_NAME)";
				WARNING_CFLAGS = (
					"-Wno-documentation",
					"-Wstrict-prototypes",
				);
			};
			name = Release;
		};
/* End XCBuildConfiguration section */

/* Begin XCConfigurationList section */
		069D5CFB1E680AFE004CEFF6 /* Build configuration list for PBXProject "BaseProject" */ = {
			isa = XCConfigurationList;
			buildConfigurations = (
				069D5D151E680AFE004CEFF6 /* Debug */,
				069D5D161E680AFE004CEFF6 /* Release */,
			);
			defaultConfigurationIsVisible = 0;
			defaultConfigurationName = Release;
		};
		069D5D171E680AFE004CEFF6 /* Build configuration list for PBXNativeTarget "BaseProject" */ = {
			isa = XCConfigurationList;
			buildConfigurations = (
				069D5D181E680AFE004CEFF6 /* Debug */,
				069D5D191E680AFE004CEFF6 /* Release */,
			);
			defaultConfigurationIsVisible = 0;
			defaultConfigurationName = Release;
		};
/* End XCConfigurationList section */
	};
	rootObject = 069D5CF81E680AFE004CEFF6 /* Project object */;
}
