// !$*UTF8*$!
{
	archiveVersion = 1;
	classes = {
	};
	objectVersion = 48;
	objects = {

/* Begin PBXBuildFile section */
		06352EB71FFF961F00D17DFD /* AppDelegate.m in Sources */ = {isa = PBXBuildFile; fileRef = 06352EB61FFF961F00D17DFD /* AppDelegate.m */; };
		06352EBA1FFF961F00D17DFD /* ViewController.m in Sources */ = {isa = PBXBuildFile; fileRef = 06352EB91FFF961F00D17DFD /* ViewController.m */; };
		06352EBD1FFF961F00D17DFD /* Main.storyboard in Resources */ = {isa = PBXBuildFile; fileRef = 06352EBB1FFF961F00D17DFD /* Main.storyboard */; };
		06352EBF1FFF961F00D17DFD /* Assets.xcassets in Resources */ = {isa = PBXBuildFile; fileRef = 06352EBE1FFF961F00D17DFD /* Assets.xcassets */; };
		06352EC21FFF961F00D17DFD /* LaunchScreen.storyboard in Resources */ = {isa = PBXBuildFile; fileRef = 06352EC01FFF961F00D17DFD /* LaunchScreen.storyboard */; };
		06352EC51FFF961F00D17DFD /* main.m in Sources */ = {isa = PBXBuildFile; fileRef = 06352EC41FFF961F00D17DFD /* main.m */; };
/* End PBXBuildFile section */

/* Begin PBXFileReference section */
		06352EB21FFF961F00D17DFD /* ModuleBuilder.app */ = {isa = PBXFileReference; explicitFileType = wrapper.application; includeInIndex = 0; path = ModuleBuilder.app; sourceTree = BUILT_PRODUCTS_DIR; };
		06352EB51FFF961F00D17DFD /* AppDelegate.h */ = {isa = PBXFileReference; lastKnownFileType = sourcecode.c.h; path = AppDelegate.h; sourceTree = "<group>"; };
		06352EB61FFF961F00D17DFD /* AppDelegate.m */ = {isa = PBXFileReference; lastKnownFileType = sourcecode.c.objc; path = AppDelegate.m; sourceTree = "<group>"; };
		06352EB81FFF961F00D17DFD /* ViewController.h */ = {isa = PBXFileReference; lastKnownFileType = sourcecode.c.h; path = ViewController.h; sourceTree = "<group>"; };
		06352EB91FFF961F00D17DFD /* ViewController.m */ = {isa = PBXFileReference; lastKnownFileType = sourcecode.c.objc; path = ViewController.m; sourceTree = "<group>"; };
		06352EBC1FFF961F00D17DFD /* Base */ = {isa = PBXFileReference; lastKnownFileType = file.storyboard; name = Base; path = Base.lproj/Main.storyboard; sourceTree = "<group>"; };
		06352EBE1FFF961F00D17DFD /* Assets.xcassets */ = {isa = PBXFileReference; lastKnownFileType = folder.assetcatalog; path = Assets.xcassets; sourceTree = "<group>"; };
		06352EC11FFF961F00D17DFD /* Base */ = {isa = PBXFileReference; lastKnownFileType = file.storyboard; name = Base; path = Base.lproj/LaunchScreen.storyboard; sourceTree = "<group>"; };
		06352EC31FFF961F00D17DFD /* Info.plist */ = {isa = PBXFileReference; lastKnownFileType = text.plist.xml; path = Info.plist; sourceTree = "<group>"; };
		06352EC41FFF961F00D17DFD /* main.m */ = {isa = PBXFileReference; lastKnownFileType = sourcecode.c.objc; path = main.m; sourceTree = "<group>"; };
/* End PBXFileReference section */

/* Begin PBXFrameworksBuildPhase section */
		06352EAF1FFF961F00D17DFD /* Frameworks */ = {
			isa = PBXFrameworksBuildPhase;
			buildActionMask = 2147483647;
			files = (
			);
			runOnlyForDeploymentPostprocessing = 0;
		};
/* End PBXFrameworksBuildPhase section */

/* Begin PBXGroup section */
		06352EA91FFF961F00D17DFD = {
			isa = PBXGroup;
			children = (
				06352EB41FFF961F00D17DFD /* ModuleBuilder */,
				06352EB31FFF961F00D17DFD /* Products */,
			);
			sourceTree = "<group>";
		};
		06352EB31FFF961F00D17DFD /* Products */ = {
			isa = PBXGroup;
			children = (
				06352EB21FFF961F00D17DFD /* ModuleBuilder.app */,
			);
			name = Products;
			sourceTree = "<group>";
		};
		06352EB41FFF961F00D17DFD /* ModuleBuilder */ = {
			isa = PBXGroup;
			children = (
				06352EB51FFF961F00D17DFD /* AppDelegate.h */,
				06352EB61FFF961F00D17DFD /* AppDelegate.m */,
				06352EB81FFF961F00D17DFD /* ViewController.h */,
				06352EB91FFF961F00D17DFD /* ViewController.m */,
				06352EBB1FFF961F00D17DFD /* Main.storyboard */,
				06352EBE1FFF961F00D17DFD /* Assets.xcassets */,
				06352EC01FFF961F00D17DFD /* LaunchScreen.storyboard */,
				06352EC31FFF961F00D17DFD /* Info.plist */,
				06352EC41FFF961F00D17DFD /* main.m */,
				06352ECF1FFF964E00D17DFD /* 模块1 */,
			);
			path = ModuleBuilder;
			sourceTree = "<group>";
		};
		06352ECB1FFF964E00D17DFD /* Resources */ = {
			isa = PBXGroup;
			children = (
			);
			name = Resources;
			sourceTree = "<group>";
		};
		06352ECC1FFF964E00D17DFD /* DataHanding(Model) */ = {
			isa = PBXGroup;
			children = (
			);
			name = "DataHanding(Model)";
			sourceTree = "<group>";
		};
		06352ECD1FFF964E00D17DFD /* Views */ = {
			isa = PBXGroup;
			children = (
			);
			name = Views;
			sourceTree = "<group>";
		};
		06352ECE1FFF964E00D17DFD /* Controllers */ = {
			isa = PBXGroup;
			children = (
			);
			name = Controllers;
			sourceTree = "<group>";
		};
		06352ECF1FFF964E00D17DFD /* 模块1 */ = {
			isa = PBXGroup;
			children = (
				06352ECB1FFF964E00D17DFD /* Resources */,
				06352ECC1FFF964E00D17DFD /* DataHanding(Model) */,
				06352ECD1FFF964E00D17DFD /* Views */,
				06352ECE1FFF964E00D17DFD /* Controllers */,
			);
			name = "模块1";
			path = BaseProject;
			sourceTree = "<group>";
		};
/* End PBXGroup section */

/* Begin PBXNativeTarget section */
		06352EB11FFF961F00D17DFD /* ModuleBuilder */ = {
			isa = PBXNativeTarget;
			buildConfigurationList = 06352EC81FFF961F00D17DFD /* Build configuration list for PBXNativeTarget "ModuleBuilder" */;
			buildPhases = (
				06352EAE1FFF961F00D17DFD /* Sources */,
				06352EAF1FFF961F00D17DFD /* Frameworks */,
				06352EB01FFF961F00D17DFD /* Resources */,
			);
			buildRules = (
			);
			dependencies = (
			);
			name = ModuleBuilder;
			productName = ModuleBuilder;
			productReference = 06352EB21FFF961F00D17DFD /* ModuleBuilder.app */;
			productType = "com.apple.product-type.application";
		};
/* End PBXNativeTarget section */

/* Begin PBXProject section */
		06352EAA1FFF961F00D17DFD /* Project object */ = {
			isa = PBXProject;
			attributes = {
				LastUpgradeCheck = 0920;
				ORGANIZATIONNAME = ArthurShuai;
				TargetAttributes = {
					06352EB11FFF961F00D17DFD = {
						CreatedOnToolsVersion = 9.2;
						ProvisioningStyle = Automatic;
					};
				};
			};
			buildConfigurationList = 06352EAD1FFF961F00D17DFD /* Build configuration list for PBXProject "ModuleBuilder" */;
			compatibilityVersion = "Xcode 8.0";
			developmentRegion = en;
			hasScannedForEncodings = 0;
			knownRegions = (
				en,
				Base,
			);
			mainGroup = 06352EA91FFF961F00D17DFD;
			productRefGroup = 06352EB31FFF961F00D17DFD /* Products */;
			projectDirPath = "";
			projectRoot = "";
			targets = (
				06352EB11FFF961F00D17DFD /* ModuleBuilder */,
			);
		};
/* End PBXProject section */

/* Begin PBXResourcesBuildPhase section */
		06352EB01FFF961F00D17DFD /* Resources */ = {
			isa = PBXResourcesBuildPhase;
			buildActionMask = 2147483647;
			files = (
				06352EC21FFF961F00D17DFD /* LaunchScreen.storyboard in Resources */,
				06352EBF1FFF961F00D17DFD /* Assets.xcassets in Resources */,
				06352EBD1FFF961F00D17DFD /* Main.storyboard in Resources */,
			);
			runOnlyForDeploymentPostprocessing = 0;
		};
/* End PBXResourcesBuildPhase section */

/* Begin PBXSourcesBuildPhase section */
		06352EAE1FFF961F00D17DFD /* Sources */ = {
			isa = PBXSourcesBuildPhase;
			buildActionMask = 2147483647;
			files = (
				06352EBA1FFF961F00D17DFD /* ViewController.m in Sources */,
				06352EC51FFF961F00D17DFD /* main.m in Sources */,
				06352EB71FFF961F00D17DFD /* AppDelegate.m in Sources */,
			);
			runOnlyForDeploymentPostprocessing = 0;
		};
/* End PBXSourcesBuildPhase section */

/* Begin PBXVariantGroup section */
		06352EBB1FFF961F00D17DFD /* Main.storyboard */ = {
			isa = PBXVariantGroup;
			children = (
				06352EBC1FFF961F00D17DFD /* Base */,
			);
			name = Main.storyboard;
			sourceTree = "<group>";
		};
		06352EC01FFF961F00D17DFD /* LaunchScreen.storyboard */ = {
			isa = PBXVariantGroup;
			children = (
				06352EC11FFF961F00D17DFD /* Base */,
			);
			name = LaunchScreen.storyboard;
			sourceTree = "<group>";
		};
/* End PBXVariantGroup section */

/* Begin XCBuildConfiguration section */
		06352EC61FFF961F00D17DFD /* Debug */ = {
			isa = XCBuildConfiguration;
			buildSettings = {
				ALWAYS_SEARCH_USER_PATHS = NO;
				CLANG_ANALYZER_NONNULL = YES;
				CLANG_ANALYZER_NUMBER_OBJECT_CONVERSION = YES_AGGRESSIVE;
				CLANG_CXX_LANGUAGE_STANDARD = "gnu++14";
				CLANG_CXX_LIBRARY = "libc++";
				CLANG_ENABLE_MODULES = YES;
				CLANG_ENABLE_OBJC_ARC = YES;
				CLANG_WARN_BLOCK_CAPTURE_AUTORELEASING = YES;
				CLANG_WARN_BOOL_CONVERSION = YES;
				CLANG_WARN_COMMA = YES;
				CLANG_WARN_CONSTANT_CONVERSION = YES;
				CLANG_WARN_DIRECT_OBJC_ISA_USAGE = YES_ERROR;
				CLANG_WARN_DOCUMENTATION_COMMENTS = YES;
				CLANG_WARN_EMPTY_BODY = YES;
				CLANG_WARN_ENUM_CONVERSION = YES;
				CLANG_WARN_INFINITE_RECURSION = YES;
				CLANG_WARN_INT_CONVERSION = YES;
				CLANG_WARN_NON_LITERAL_NULL_CONVERSION = YES;
				CLANG_WARN_OBJC_LITERAL_CONVERSION = YES;
				CLANG_WARN_OBJC_ROOT_CLASS = YES_ERROR;
				CLANG_WARN_RANGE_LOOP_ANALYSIS = YES;
				CLANG_WARN_STRICT_PROTOTYPES = YES;
				CLANG_WARN_SUSPICIOUS_MOVE = YES;
				CLANG_WARN_UNGUARDED_AVAILABILITY = YES_AGGRESSIVE;
				CLANG_WARN_UNREACHABLE_CODE = YES;
				CLANG_WARN__DUPLICATE_METHOD_MATCH = YES;
				CODE_SIGN_IDENTITY = "iPhone Developer";
				COPY_PHASE_STRIP = NO;
				DEBUG_INFORMATION_FORMAT = dwarf;
				ENABLE_STRICT_OBJC_MSGSEND = YES;
				ENABLE_TESTABILITY = YES;
				GCC_C_LANGUAGE_STANDARD = gnu11;
				GCC_DYNAMIC_NO_PIC = NO;
				GCC_NO_COMMON_BLOCKS = YES;
				GCC_OPTIMIZATION_LEVEL = 0;
				GCC_PREPROCESSOR_DEFINITIONS = (
					"DEBUG=1",
					"$(inherited)",
				);
				GCC_WARN_64_TO_32_BIT_CONVERSION = YES;
				GCC_WARN_ABOUT_RETURN_TYPE = YES_ERROR;
				GCC_WARN_UNDECLARED_SELECTOR = YES;
				GCC_WARN_UNINITIALIZED_AUTOS = YES_AGGRESSIVE;
				GCC_WARN_UNUSED_FUNCTION = YES;
				GCC_WARN_UNUSED_VARIABLE = YES;
				IPHONEOS_DEPLOYMENT_TARGET = 11.2;
				MTL_ENABLE_DEBUG_INFO = YES;
				ONLY_ACTIVE_ARCH = YES;
				SDKROOT = iphoneos;
			};
			name = Debug;
		};
		06352EC71FFF961F00D17DFD /* Release */ = {
			isa = XCBuildConfiguration;
			buildSettings = {
				ALWAYS_SEARCH_USER_PATHS = NO;
				CLANG_ANALYZER_NONNULL = YES;
				CLANG_ANALYZER_NUMBER_OBJECT_CONVERSION = YES_AGGRESSIVE;
				CLANG_CXX_LANGUAGE_STANDARD = "gnu++14";
				CLANG_CXX_LIBRARY = "libc++";
				CLANG_ENABLE_MODULES = YES;
				CLANG_ENABLE_OBJC_ARC = YES;
				CLANG_WARN_BLOCK_CAPTURE_AUTORELEASING = YES;
				CLANG_WARN_BOOL_CONVERSION = YES;
				CLANG_WARN_COMMA = YES;
				CLANG_WARN_CONSTANT_CONVERSION = YES;
				CLANG_WARN_DIRECT_OBJC_ISA_USAGE = YES_ERROR;
				CLANG_WARN_DOCUMENTATION_COMMENTS = YES;
				CLANG_WARN_EMPTY_BODY = YES;
				CLANG_WARN_ENUM_CONVERSION = YES;
				CLANG_WARN_INFINITE_RECURSION = YES;
				CLANG_WARN_INT_CONVERSION = YES;
				CLANG_WARN_NON_LITERAL_NULL_CONVERSION = YES;
				CLANG_WARN_OBJC_LITERAL_CONVERSION = YES;
				CLANG_WARN_OBJC_ROOT_CLASS = YES_ERROR;
				CLANG_WARN_RANGE_LOOP_ANALYSIS = YES;
				CLANG_WARN_STRICT_PROTOTYPES = YES;
				CLANG_WARN_SUSPICIOUS_MOVE = YES;
				CLANG_WARN_UNGUARDED_AVAILABILITY = YES_AGGRESSIVE;
				CLANG_WARN_UNREACHABLE_CODE = YES;
				CLANG_WARN__DUPLICATE_METHOD_MATCH = YES;
				CODE_SIGN_IDENTITY = "iPhone Developer";
				COPY_PHASE_STRIP = NO;
				DEBUG_INFORMATION_FORMAT = "dwarf-with-dsym";
				ENABLE_NS_ASSERTIONS = NO;
				ENABLE_STRICT_OBJC_MSGSEND = YES;
				GCC_C_LANGUAGE_STANDARD = gnu11;
				GCC_NO_COMMON_BLOCKS = YES;
				GCC_WARN_64_TO_32_BIT_CONVERSION = YES;
				GCC_WARN_ABOUT_RETURN_TYPE = YES_ERROR;
				GCC_WARN_UNDECLARED_SELECTOR = YES;
				GCC_WARN_UNINITIALIZED_AUTOS = YES_AGGRESSIVE;
				GCC_WARN_UNUSED_FUNCTION = YES;
				GCC_WARN_UNUSED_VARIABLE = YES;
				IPHONEOS_DEPLOYMENT_TARGET = 11.2;
				MTL_ENABLE_DEBUG_INFO = NO;
				SDKROOT = iphoneos;
				VALIDATE_PRODUCT = YES;
			};
			name = Release;
		};
		06352EC91FFF961F00D17DFD /* Debug */ = {
			isa = XCBuildConfiguration;
			buildSettings = {
				ASSETCATALOG_COMPILER_APPICON_NAME = AppIcon;
				CODE_SIGN_STYLE = Automatic;
				INFOPLIST_FILE = ModuleBuilder/Info.plist;
				LD_RUNPATH_SEARCH_PATHS = "$(inherited) @executable_path/Frameworks";
				PRODUCT_BUNDLE_IDENTIFIER = com.ArthurShuai.ModuleBuilder;
				PRODUCT_NAME = "$(TARGET_NAME)";
				TARGETED_DEVICE_FAMILY = "1,2";
			};
			name = Debug;
		};
		06352ECA1FFF961F00D17DFD /* Release */ = {
			isa = XCBuildConfiguration;
			buildSettings = {
				ASSETCATALOG_COMPILER_APPICON_NAME = AppIcon;
				CODE_SIGN_STYLE = Automatic;
				INFOPLIST_FILE = ModuleBuilder/Info.plist;
				LD_RUNPATH_SEARCH_PATHS = "$(inherited) @executable_path/Frameworks";
				PRODUCT_BUNDLE_IDENTIFIER = com.ArthurShuai.ModuleBuilder;
				PRODUCT_NAME = "$(TARGET_NAME)";
				TARGETED_DEVICE_FAMILY = "1,2";
			};
			name = Release;
		};
/* End XCBuildConfiguration section */

/* Begin XCConfigurationList section */
		06352EAD1FFF961F00D17DFD /* Build configuration list for PBXProject "ModuleBuilder" */ = {
			isa = XCConfigurationList;
			buildConfigurations = (
				06352EC61FFF961F00D17DFD /* Debug */,
				06352EC71FFF961F00D17DFD /* Release */,
			);
			defaultConfigurationIsVisible = 0;
			defaultConfigurationName = Release;
		};
		06352EC81FFF961F00D17DFD /* Build configuration list for PBXNativeTarget "ModuleBuilder" */ = {
			isa = XCConfigurationList;
			buildConfigurations = (
				06352EC91FFF961F00D17DFD /* Debug */,
				06352ECA1FFF961F00D17DFD /* Release */,
			);
			defaultConfigurationIsVisible = 0;
			defaultConfigurationName = Release;
		};
/* End XCConfigurationList section */
	};
	rootObject = 06352EAA1FFF961F00D17DFD /* Project object */;
}
